{
  "lockfileVersion": 1,
  "configVersion": 0,
  "workspaces": {
    "": {
      "name": "100cimscat",
      "dependencies": {
        "@supabase/ssr": "0.12.7",
        "@supabase/supabase-js": "2.117.1",
        "leaflet": "1.9.4",
        "next": "16.3.5",
        "react": "19.3.0",
        "react-dom": "19.3.0",
        "react-leaflet": "5.0.0",
      },
      "devDependencies": {
        "@types/leaflet": "1.9.20",
        "@types/node": "22.15.30",
        "@types/react": "19.2.0",
        "@types/react-dom": "19.2.0",
        "typescript": "5.9.3",
      },
    },
  },
  "packages": {
    "@emnapi/runtime": ["@emnapi/runtime@1.11.3", "", { "dependencies": { "tslib": "^2.4.0" } }, "sha512-Xz4Tpyki7XyrpbUK1jR1AhdAdaXyhhY4lZ3neLodmhpuWfy2PAQN5B46sAiU4liOXGLkHypn/qU+jvfWSCYYLA=="],

    "@img/colour": ["@img/colour@1.1.0", "", {}, "sha512-Td76q7j57o/tLVdgS746cYARfSyxk8iEfRxewL9h4OMzYhbW4TAcppl0mT4eyqXddh6L/jwoM75mo7ixa/pCeQ=="],

    "@img/sharp-darwin-arm64": ["@img/sharp-darwin-arm64@0.35.5", "", { "optionalDependencies": { "@img/sharp-libvips-darwin-arm64": "1.3.4" }, "os": "darwin", "cpu": "arm64" }, "sha512-QRUlFQ0WxvdWyqqG/WtI3iupfD5rBzmCHXSdPsY91sAtVtTo7Q4cb6zOccZ3gqEqkr0f1As1ehLqmEpDsRf+lg=="],

    "@img/sharp-darwin-x64": ["@img/sharp-darwin-x64@0.35.5", "", { "optionalDependencies": { "@img/sharp-libvips-darwin-x64": "1.3.4" }, "os": "darwin", "cpu": "x64" }, "sha512-+BR255RhDlpygUpOc/Jdt1nT6DQ3XG/ERo5wbcdOf5Q320dKtPCKPLR1LJs9VGXRaMa8l1uUa0tkCNOXiAxZUw=="],

    "@img/sharp-freebsd-wasm32": ["@img/sharp-freebsd-wasm32@0.35.5", "", { "dependencies": { "@img/sharp-wasm32": "0.35.5" }, "os": "freebsd" }, "sha512-Y/z91nEZ4uIBX5X3nfTovjU9lHNKFYbL2lpHCLVNmXQK03VIZvXBBt0KxbPGp2SdGSF+2mQU4e+hQaWOt86iAw=="],

    "@img/sharp-libvips-darwin-arm64": ["@img/sharp-libvips-darwin-arm64@1.3.4", "", { "os": "darwin", "cpu": "arm64" }, "sha512-5R89nBYiRdUlSWJxPhO+GVtaXzXSxKnRu/xqMn3KTA3L9EB9Oy/P+Nn2f2vlhPuUdy/Zusb2DarbyTpGCfEDuw=="],

    "@img/sharp-libvips-darwin-x64": ["@img/sharp-libvips-darwin-x64@1.3.4", "", { "os": "darwin", "cpu": "x64" }, "sha512-iR2OKH80yi0U+dUplyh3/xdpFvps6YkCwsXenIJxqxR1v9o+xtKTGbS9H7cps+2Vxjc8B1j96p75NmTGjIhtpQ=="],

    "@img/sharp-libvips-linux-arm": ["@img/sharp-libvips-linux-arm@1.3.4", "", { "os": "linux", "cpu": "arm" }, "sha512-LmRtTsOHuvM2+wlO2Db37dx5MiZhB0FvSunciw48YjdOkZz9KAiRbm8ujeMOA1INqmei5NapFxYEK1D1ZSidmw=="],

    "@img/sharp-libvips-linux-arm64": ["@img/sharp-libvips-linux-arm64@1.3.4", "", { "os": "linux", "cpu": "arm64" }, "sha512-Y3dgX/6lE2QhQb+Gxy0WZxfg9MEm/JBjamZpS2IklP7xIQoKN4hzAm7KcMVGtaVDt3neE9OKBC7vAfonA/Lr1A=="],

    "@img/sharp-libvips-linux-ppc64": ["@img/sharp-libvips-linux-ppc64@1.3.4", "", { "os": "linux", "cpu": "ppc64" }, "sha512-Le6boB8Tai0Nis+gIxIpKx68UDVVIqdR8Tin5Yf1z2LJJQLDJvCDRqRu+jC2qCoD+eIomonmOwB4smBRxfVpYQ=="],

    "@img/sharp-libvips-linux-riscv64": ["@img/sharp-libvips-linux-riscv64@1.3.4", "", { "os": "linux", "cpu": "none" }, "sha512-aHkkIEHPRdQEegJN20MLmGtxYD9R2wQr3Cwpddnu5+YKMt6Uzax7S9h5gpZTo8wyrGuZSlfQ63OevL5mTyOC7Q=="],

    "@img/sharp-libvips-linux-s390x": ["@img/sharp-libvips-linux-s390x@1.3.4", "", { "os": "linux", "cpu": "s390x" }, "sha512-ra/mB6MikESDUO7Yg+Mi95bFBb9GsObURuhnOv3OqknjGe9sZrG8tCe9q0xSIGrtLgvgw0gKnFWcK4blSgQOuQ=="],

    "@img/sharp-libvips-linux-x64": ["@img/sharp-libvips-linux-x64@1.3.4", "", { "os": "linux", "cpu": "x64" }, "sha512-GJ//SSXbnwSDes02umB3nDJLFcQzw8a18V8fyhqr6tV515tOEMdImjjxj1AoafMRz56F3PHgftnj1QEKSU1zkw=="],

    "@img/sharp-libvips-linuxmusl-arm64": ["@img/sharp-libvips-linuxmusl-arm64@1.3.4", "", { "os": "linux", "cpu": "arm64" }, "sha512-hvulFwtjUcagsis6BBxHwGFwWoNZjgYmULGVrZcyfNbjA8hKILbRxGg15/7w5HDyXHXUos/j6baAWqnCyQ2DWA=="],

    "@img/sharp-libvips-linuxmusl-x64": ["@img/sharp-libvips-linuxmusl-x64@1.3.4", "", { "os": "linux", "cpu": "x64" }, "sha512-6zXKeE/p39I1AmA3cJG35eyBGNqNddLnUXjhwBnsGjFPWqf5VKkDBEqaEkPDoTEtkxwi2vv8Tcr2mDyP4So7Fg=="],

    "@img/sharp-linux-arm": ["@img/sharp-linux-arm@0.35.5", "", { "optionalDependencies": { "@img/sharp-libvips-linux-arm": "1.3.4" }, "os": "linux", "cpu": "arm" }, "sha512-LEaXK2WdXVK5ykcw0buWyPMsmLLL2vpHLD6yrNSW+JGEL3BZPA4tpKN6iaMc4AxTTAoaX/sU1rOL51lcIz48ZQ=="],

    "@img/sharp-linux-arm64": ["@img/sharp-linux-arm64@0.35.5", "", { "optionalDependencies": { "@img/sharp-libvips-linux-arm64": "1.3.4" }, "os": "linux", "cpu": "arm64" }, "sha512-LYVx5JTsOM2CBzmxreh+nl64/3H6Xb09iSLknqH47z2T2DFFxDeFLP5y4dJwe6H7uGQlHPyEEtIqyo3DYsRwdQ=="],

    "@img/sharp-linux-ppc64": ["@img/sharp-linux-ppc64@0.35.5", "", { "optionalDependencies": { "@img/sharp-libvips-linux-ppc64": "1.3.4" }, "os": "linux", "cpu": "ppc64" }, "sha512-QVxAAq8evVRI9ia2vqgwrmWucn5Dfv+JdWzj75pD8omHLPSP7f8p20O8jxzjCcuCEQEOtYOZUmX1hkiZ0kdevA=="],

    "@img/sharp-linux-riscv64": ["@img/sharp-linux-riscv64@0.35.5", "", { "optionalDependencies": { "@img/sharp-libvips-linux-riscv64": "1.3.4" }, "os": "linux", "cpu": "none" }, "sha512-LtdreXguaavKODPIfzJ4kffx7UNt1omwtK0rch4EBbbSTXPnxWmYSayXdLJw0fJzQ97kHt1gL/yh4tvU+nCyRQ=="],

    "@img/sharp-linux-s390x": ["@img/sharp-linux-s390x@0.35.5", "", { "optionalDependencies": { "@img/sharp-libvips-linux-s390x": "1.3.4" }, "os": "linux", "cpu": "s390x" }, "sha512-UZasTOFiYzotTsGOCu42BfUzP6Tu6Do/947iRm1RsLKvlllxwGcn4RN27LibGWceix4Y+Pmw3jsnTcCQIgWjqA=="],

    "@img/sharp-linux-x64": ["@img/sharp-linux-x64@0.35.5", "", { "optionalDependencies": { "@img/sharp-libvips-linux-x64": "1.3.4" }, "os": "linux", "cpu": "x64" }, "sha512-SxFtLTeJInhAA9Q836kux2vZNeOBQEx658qvbboZScr0wIARym3IcGmW7KpVD5sbVg0Ojy+udFQdayYIZyoNog=="],

    "@img/sharp-linuxmusl-arm64": ["@img/sharp-linuxmusl-arm64@0.35.5", "", { "optionalDependencies": { "@img/sharp-libvips-linuxmusl-arm64": "1.3.4" }, "os": "linux", "cpu": "arm64" }, "sha512-9HbMclmI1zlNkFRs3z9/eBtDjfD0sGlrX1z6b1qwmiFY5ElDLh4BC0LPBdVp7z1DXFiKlIcznf+ZlsuZzLxQqg=="],

    "@img/sharp-linuxmusl-x64": ["@img/sharp-linuxmusl-x64@0.35.5", "", { "optionalDependencies": { "@img/sharp-libvips-linuxmusl-x64": "1.3.4" }, "os": "linux", "cpu": "x64" }, "sha512-4KOphqB035HrVdqLZfCgMzzERrQkkzOwRhl4OAkRO1YCldbaFjySXMaK534Mo0V+LndnlJk+sbUyLeU0ULyD1A=="],

    "@img/sharp-wasm32": ["@img/sharp-wasm32@0.35.5", "", { "dependencies": { "@emnapi/runtime": "^1.11.3" } }, "sha512-Ptsga1su4tQx+LLF1ECS9U6nz5kmrXKo6XVbtR48Ke3ZRxxgaWBu7IDtEe1quo8hiupwm6WFqxVlXaSf7IINGQ=="],

    "@img/sharp-webcontainers-wasm32": ["@img/sharp-webcontainers-wasm32@0.35.5", "", { "dependencies": { "@img/sharp-wasm32": "0.35.5" }, "cpu": "none" }, "sha512-hfhF/FmoQyTUkA0bIKFOtw536BQSeBMe6BF6QyWlrPxT754+TFLaZ7sKKTfvvM0yJgKgaYTwnFCIZ/GuDw5SUA=="],

    "@img/sharp-win32-arm64": ["@img/sharp-win32-arm64@0.35.5", "", { "os": "win32", "cpu": "arm64" }, "sha512-X4t7g+7ZA5DKblCBEXGjUqqemj4vczING/5viFwAL8h4N3qYeyjwdCvRLHi4EdOUI+2Z7UFlp1VM+p/AuEtm6Q=="],

    "@img/sharp-win32-ia32": ["@img/sharp-win32-ia32@0.35.5", "", { "os": "win32", "cpu": "ia32" }, "sha512-5Zm82LoBc43nhwNybZlG7Y1KO//Zhsn306fQl29ZOuStHLGTo3BWL83q3cznX0poxSAMuYL1On/BHBxkBeKr6A=="],

    "@img/sharp-win32-x64": ["@img/sharp-win32-x64@0.35.5", "", { "os": "win32", "cpu": "x64" }, "sha512-x76eH0vEiHlcMQu8Y8IenntaACtddpT6W0wmXtWrnKcnKI7ME5DdgqhAD6SEWOEl1v2zDvkZDhFA9KnURwpfqg=="],

    "@next/env": ["@next/env@16.3.5", "", {}, "sha512-NWEXVDMqoEo0ktmU6u0sE2Vg0LOcsD7NnOTJNo3/fEaTfsg+F1bMIxuDmQbda4e3yTIQwVdUREF2yIuMOusKtg=="],

    "@next/swc-darwin-arm64": ["@next/swc-darwin-arm64@16.3.5", "", { "os": "darwin", "cpu": "arm64" }, "sha512-pMmGgETfKvElucLHtVaeiMRbp2zUbvKx7b1yGko0liBz3cw1mKSggWN/Rp/wPz8z+E1O82u3r4L1Co+ZS5hokQ=="],

    "@next/swc-darwin-x64": ["@next/swc-darwin-x64@16.3.5", "", { "os": "darwin", "cpu": "x64" }, "sha512-76VaGYvf6HPa5/w12yLkE3dXTn9AfdEviI79oEL3aZoAmRLc9rWitjWqyjViVysK/ht/y9YKzFkBrUdi/wGkow=="],

    "@next/swc-linux-arm64-gnu": ["@next/swc-linux-arm64-gnu@16.3.5", "", { "os": "linux", "cpu": "arm64" }, "sha512-zKDELJ5jSQMHeO/hmXUQsAzagX4bQD4OiMi3pQ5FbUj+yK506oLVHnKA2YXMlbg1EHHqJYtyePOgByIDXD1lqw=="],

    "@next/swc-linux-arm64-musl": ["@next/swc-linux-arm64-musl@16.3.5", "", { "os": "linux", "cpu": "arm64" }, "sha512-7Vql0pgzCoHagv6+FNOZoqmJqA52c6zeVbhtS/47qFozO1MSx4ms7x7GHiciY8R5CDsSMKMQjJEryoJLcsBIbA=="],

    "@next/swc-linux-x64-gnu": ["@next/swc-linux-x64-gnu@16.3.5", "", { "os": "linux", "cpu": "x64" }, "sha512-NH/xzehyHEFWE2nlcZon7TB/0+H4shfWCi7S1zka815XCOhJDYZhoeJtOYy0dh0WVRWACVXSyGNFFytoMxUhRg=="],

    "@next/swc-linux-x64-musl": ["@next/swc-linux-x64-musl@16.3.5", "", { "os": "linux", "cpu": "x64" }, "sha512-lV4+EhWMfS8jcC+EH2nn/Cm5cn6XsgbE07bU9tMH8fCo0tNAqhyzi1b5wQ/Tn6NGFTvKDY65w3ZH95EjwBRAnQ=="],

    "@next/swc-win32-arm64-msvc": ["@next/swc-win32-arm64-msvc@16.3.5", "", { "os": "win32", "cpu": "arm64" }, "sha512-/wKzAREX2RF++MhicjDbg8tGn2AiBIM0+EFeTFKoUEUbW5D6amCJehd5Z5G1H5/gxNdgnwoXMcHz24H/c2tGkQ=="],

    "@next/swc-win32-x64-msvc": ["@next/swc-win32-x64-msvc@16.3.5", "", { "os": "win32", "cpu": "x64" }, "sha512-LNdCHzgLFc+UeqMS84LzXPaeBRKyqDN9OMyFAr1OrB0XrNw78IRrEVtZvvA7245W/HsaoeVOQX9jPjPk8jojwA=="],

    "@react-leaflet/core": ["@react-leaflet/core@3.0.0", "", { "peerDependencies": { "leaflet": "^1.9.0", "react": "^19.0.0", "react-dom": "^19.0.0" } }, "sha512-3EWmekh4Nz+pGcr+xjf0KNyYfC3U2JjnkWsh0zcqaexYqmmB5ZhH37kz41JXGmKzpaMZCnPofBBm64i+YrEvGQ=="],

    "@supabase/auth-js": ["@supabase/auth-js@2.117.1", "", { "dependencies": { "tslib": "2.8.1" } }, "sha512-3vJpc5thxaovbZ2zrWagzp/ZtCcXpQk1xftinzneNB1XLdhAmjqChOnj2Y8wpriYEFVvlqC+sFbR0JBUi83hDA=="],

    "@supabase/functions-js": ["@supabase/functions-js@2.117.1", "", { "dependencies": { "tslib": "2.8.1" } }, "sha512-yyMIbEPMDXmjpjWe7WKd7en3mn6q4eDGLHEQVPcqWQIyC1hC7xa3po+o4cWSyItI6a6GYY/voDUpwhZmkxjcPw=="],

    "@supabase/phoenix": ["@supabase/phoenix@0.4.5", "", {}, "sha512-aAn9H9ovVyeApKy11OWOrrOGq8DV68yWeH4ud2lN9fzn4aO8Zb5GLL9m1pUg9nLqIcT+ZDfAcsZe0E/nqdv2lw=="],

    "@supabase/postgrest-js": ["@supabase/postgrest-js@2.117.1", "", { "dependencies": { "tslib": "2.8.1" } }, "sha512-2a7we4uKXA1d94CUc02MpUj+LzZWO3qm8fH2PDq60tVt0T6KQTIiMmEsRD53lrnwZA9C3SsaKL3mk4DiDH6GvQ=="],

    "@supabase/realtime-js": ["@supabase/realtime-js@2.117.1", "", { "dependencies": { "@supabase/phoenix": "0.4.5", "tslib": "2.8.1" } }, "sha512-GkbZfeh5F5aqnUhG1chrdaVQmnRK8ZUL8H16Km/eVVsX99x0w2AijfxjONCB9YKgrXArcnMsKSJzOIQGCv+qvQ=="],

    "@supabase/ssr": ["@supabase/ssr@0.12.7", "", { "dependencies": { "cookie": "^1.0.2" }, "peerDependencies": { "@supabase/supabase-js": "^2.114.0" } }, "sha512-wiBtEie1KkRJi9RrZWY3R2imRhX1JY7qMyUCH2z9AUk15gQebNEplM+urbCKamdxaTJLXUU6LlpkJsaxhojCEg=="],

    "@supabase/storage-js": ["@supabase/storage-js@2.117.1", "", { "dependencies": { "iceberg-js": "^0.8.1", "tslib": "2.8.1" } }, "sha512-ytDQbELKKzIVStLkShxTTK5FT4vds12eXF5QfW+gTHVvO7cB3VKZ7Hu2wkUaJlDZCaUfFdih3vznF6P8kNkJQg=="],

    "@supabase/supabase-js": ["@supabase/supabase-js@2.117.1", "", { "dependencies": { "@supabase/auth-js": "2.117.1", "@supabase/functions-js": "2.117.1", "@supabase/postgrest-js": "2.117.1", "@supabase/realtime-js": "2.117.1", "@supabase/storage-js": "2.117.1" }, "peerDependencies": { "@opentelemetry/api": ">=1.0.0" }, "optionalPeers": ["@opentelemetry/api"] }, "sha512-VcyiuXF0jZFbN4GcHtytSGNwfXnRJwlxjGFZxeEmRVgSLSbaoHk2Avyg49/aEdTJGBSz5vK1L7uhYiYdfl0Axw=="],

    "@swc/helpers": ["@swc/helpers@0.5.23", "", { "dependencies": { "tslib": "^2.8.0" } }, "sha512-5lSsMOTXURePglDfvuAQUqkGek9Hg2kksOYay2m0+XR++b2NWYL/4sWyuvVBIs8oKnJaxkdi9whaL/sqN13afw=="],

    "@types/geojson": ["@types/geojson@7946.0.16", "", {}, "sha512-6C8nqWur3j98U6+lXDfTUWIfgvZU+EumvpHKcYjujKH7woYyLj2sUmff0tRhrqM7BohUw7Pz3ZB1jj2gW9Fvmg=="],

    "@types/leaflet": ["@types/leaflet@1.9.20", "", { "dependencies": { "@types/geojson": "*" } }, "sha512-rooalPMlk61LCaLOvBF2VIf9M47HgMQqi5xQ9QRi7c8PkdIe0WrIi5IxXUXQjAdL0c+vcQ01mYWbthzmp9GHWw=="],

    "@types/node": ["@types/node@22.15.30", "", { "dependencies": { "undici-types": "~6.21.0" } }, "sha512-6Q7lr06bEHdlfplU6YRbgG1SFBdlsfNC4/lX+SkhiTs0cpJkOElmWls8PxDFv4yY/xKb8Y6SO0OmSX4wgqTZbA=="],

    "@types/react": ["@types/react@19.2.0", "", { "dependencies": { "csstype": "^3.0.2" } }, "sha512-1LOH8xovvsKsCBq1wnT4ntDUdCJKmnEakhsuoUSy6ExlHCkGP2hqnatagYTgFk6oeL0VU31u7SNjunPN+GchtA=="],

    "@types/react-dom": ["@types/react-dom@19.2.0", "", { "peerDependencies": { "@types/react": "^19.2.0" } }, "sha512-brtBs0MnE9SMx7px208g39lRmC5uHZs96caOJfTjFcYSLHNamvaSMfJNagChVNkup2SdtOxKX1FDBkRSJe1ZAg=="],

    "baseline-browser-mapping": ["baseline-browser-mapping@2.11.26", "", { "bin": "dist/cli.cjs" }, "sha512-GLQdD3y6UF8iVuMJl5fHgE4jdn/ua7n+toKfLgNlg3BqQtOZjpy68T8Tup8/wGWZCDlm7KMg7tPb4MPn7oN0TQ=="],

    "caniuse-lite": ["caniuse-lite@1.0.30001812", "", {}, "sha512-qN+QNNBr93TCmFrmte0bBCjSDMuRvt78VlHT99qIGPszm4QsqCX8lnyWUFkHi8B7ZBAPq8SH+UqyXNy/odMdng=="],

    "client-only": ["client-only@0.0.1", "", {}, "sha512-IV3Ou0jSMzZrd3pZ48nLkT9DA7Ag1pnPzaiQhpW7c3RbcqqzvzzVu+L8gfqMp/8IM2MQtSiqaCxrrcfu8I8rMA=="],

    "cookie": ["cookie@1.1.1", "", {}, "sha512-ei8Aos7ja0weRpFzJnEA9UHJ/7XQmqglbRwnf2ATjcB9Wq874VKH9kfjjirM6UhU2/E5fFYadylyhFldcqSidQ=="],

    "csstype": ["csstype@3.2.3", "", {}, "sha512-z1HGKcYy2xA8AGQfwrn0PAy+PB7X/GSj3UVJW9qKyn43xWa+gl5nXmU4qqLMRzWVLFC8KusUX8T/0kCiOYpAIQ=="],

    "detect-libc": ["detect-libc@2.1.2", "", {}, "sha512-Btj2BOOO83o3WyH59e8MgXsxEQVcarkUOpEYrubB0urwnN10yQ364rsiByU11nZlqWYZm05i/of7io4mzihBtQ=="],

    "iceberg-js": ["iceberg-js@0.8.1", "", {}, "sha512-1dhVQZXhcHje7798IVM+xoo/1ZdVfzOMIc8/rgVSijRK38EDqOJoGula9N/8ZI5RD8QTxNQtK/Gozpr+qUqRRA=="],

    "leaflet": ["leaflet@1.9.4", "", {}, "sha512-nxS1ynzJOmOlHp+iL3FyWqK89GtNL8U8rvlMOsQdTTssxZwCXh8N2NB3GDQOL+YR3XnWyZAxwQixURb+FA74PA=="],

    "nanoid": ["nanoid@3.3.19", "", { "bin": "bin/nanoid.cjs" }, "sha512-Y2tUNy4ouw6tq5oDSKeQYGOyhkUBhNOcGV/02KC+6kd9eDGqdZd++mjMiIDilrBYvjEnCYvVtsuHCuP+okSfug=="],

    "next": ["next@16.3.5", "", { "dependencies": { "@next/env": "16.3.5", "@swc/helpers": "0.5.23", "baseline-browser-mapping": "^2.9.19", "caniuse-lite": "^1.0.30001579", "postcss": "8.5.23", "styled-jsx": "5.1.6" }, "optionalDependencies": { "@next/swc-darwin-arm64": "16.3.5", "@next/swc-darwin-x64": "16.3.5", "@next/swc-linux-arm64-gnu": "16.3.5", "@next/swc-linux-arm64-musl": "16.3.5", "@next/swc-linux-x64-gnu": "16.3.5", "@next/swc-linux-x64-musl": "16.3.5", "@next/swc-win32-arm64-msvc": "16.3.5", "@next/swc-win32-x64-msvc": "16.3.5", "sharp": "^0.35.4" }, "peerDependencies": { "@opentelemetry/api": "^1.1.0", "@playwright/test": "^1.51.1", "babel-plugin-react-compiler": "*", "react": "^18.2.0 || 19.0.0-rc-de68d2f4-20241204 || ^19.0.0", "react-dom": "^18.2.0 || 19.0.0-rc-de68d2f4-20241204 || ^19.0.0", "sass": "^1.3.0" }, "optionalPeers": ["@opentelemetry/api", "@playwright/test", "babel-plugin-react-compiler", "sass"], "bin": "dist/bin/next" }, "sha512-MdtsTgzyfCPRLC6uJ1mN8ao7lyJ4BB0U6Inhnx3gta1UcCIdHK3yxLG0E8OWQteWD8/Q0qb8A5o7wJaL8M9y2w=="],

    "picocolors": ["picocolors@1.1.1", "", {}, "sha512-xceH2snhtb5M9liqDsmEw56le376mTZkEX/jEb/RxNFyegNul7eNslCXP9FDj/Lcu0X8KEyMceP2ntpaHrDEVA=="],

    "postcss": ["postcss@8.5.23", "", { "dependencies": { "nanoid": "^3.3.16", "picocolors": "^1.1.1", "source-map-js": "^1.2.1" } }, "sha512-g50586zr4bZmwFiTlflMu8E0bDTb5I5gertgwAKmsdUlTQIhZtunzUlD1WSzwcVWPoAVpsrA6vlfCD7oXvRwgg=="],

    "react": ["react@19.3.0", "", {}, "sha512-E8LUcbtBWt20bbl2YoHfx4ZDBdxVTfOKtCZn9cDSJ4l6/nuoApcpIBcj47t2wZoVX8g2ZHuMHbiShgCR1T5Sog=="],

    "react-dom": ["react-dom@19.3.0", "", { "dependencies": { "scheduler": "^0.28.0" }, "peerDependencies": { "react": "^19.3.0" } }, "sha512-JDk8dgif51OjFoDE70+OT9ICyYr+69HlmihNwp1+Nsfbna3t5sIiCa9ZJktDmQ4/1b/rn26hIAR2uYXDMr5r0Q=="],

    "react-leaflet": ["react-leaflet@5.0.0", "", { "dependencies": { "@react-leaflet/core": "^3.0.0" }, "peerDependencies": { "leaflet": "^1.9.0", "react": "^19.0.0", "react-dom": "^19.0.0" } }, "sha512-CWbTpr5vcHw5bt9i4zSlPEVQdTVcML390TjeDG0cK59z1ylexpqC6M1PJFjV8jD7CF+ACBFsLIDs6DRMoLEofw=="],

    "scheduler": ["scheduler@0.28.0", "", {}, "sha512-juorfCmIkIw8tT+p5BXSm6PJjQF/ycEYmKyzURCIt/RaZIhL+PulbQ9Yu2z1HdOJDdqDTlxA1+xKBmHXJsczAw=="],

    "semver": ["semver@7.8.5", "", { "bin": "bin/semver.js" }, "sha512-Y7/KDsb8LjooZpwaqGyulO6DQlksgCncchHGk+sZIY4SBvUocMBEFH5Ur1fI4dV+Jvl0w6cjvucaIi40puRioA=="],

    "sharp": ["sharp@0.35.5", "", { "dependencies": { "@img/colour": "^1.1.0", "detect-libc": "^2.1.2", "semver": "^7.8.5" }, "optionalDependencies": { "@img/sharp-darwin-arm64": "0.35.5", "@img/sharp-darwin-x64": "0.35.5", "@img/sharp-freebsd-wasm32": "0.35.5", "@img/sharp-libvips-darwin-arm64": "1.3.4", "@img/sharp-libvips-darwin-x64": "1.3.4", "@img/sharp-libvips-linux-arm": "1.3.4", "@img/sharp-libvips-linux-arm64": "1.3.4", "@img/sharp-libvips-linux-ppc64": "1.3.4", "@img/sharp-libvips-linux-riscv64": "1.3.4", "@img/sharp-libvips-linux-s390x": "1.3.4", "@img/sharp-libvips-linux-x64": "1.3.4", "@img/sharp-libvips-linuxmusl-arm64": "1.3.4", "@img/sharp-libvips-linuxmusl-x64": "1.3.4", "@img/sharp-linux-arm": "0.35.5", "@img/sharp-linux-arm64": "0.35.5", "@img/sharp-linux-ppc64": "0.35.5", "@img/sharp-linux-riscv64": "0.35.5", "@img/sharp-linux-s390x": "0.35.5", "@img/sharp-linux-x64": "0.35.5", "@img/sharp-linuxmusl-arm64": "0.35.5", "@img/sharp-linuxmusl-x64": "0.35.5", "@img/sharp-webcontainers-wasm32": "0.35.5", "@img/sharp-win32-arm64": "0.35.5", "@img/sharp-win32-ia32": "0.35.5", "@img/sharp-win32-x64": "0.35.5" } }, "sha512-Ywn4OnzGukp7CDMrp08RQ50YKmuwG47brZgIVPTvBaaAfQlRlygrRqSrxdCiL9M+LlzLBiJ68IR1QqvzHyjC7g=="],

    "source-map-js": ["source-map-js@1.2.1", "", {}, "sha512-UXWMKhLOwVKb728IUtQPXxfYU+usdybtUrK/8uGE8CQMvrhOpwvzDBwj0QhSL7MQc7vIsISBG8VQ8+IDQxpfQA=="],

    "styled-jsx": ["styled-jsx@5.1.6", "", { "dependencies": { "client-only": "0.0.1" }, "peerDependencies": { "react": ">= 16.8.0 || 17.x.x || ^18.0.0-0 || ^19.0.0-0" } }, "sha512-qSVyDTeMotdvQYoHWLNGwRFJHC+i+ZvdBRYosOFgC+Wg1vx4frN2/RG/NA7SYqqvKNLf39P2LSRA2pu6n0XYZA=="],

    "tslib": ["tslib@2.8.1", "", {}, "sha512-oJFu94HQb+KVduSUQL7wnpmqnfmLsOA/nAh6b6EH0wCEoK0/mPeXU6c3wKDV83MkOuHPRHtSXKKU99IBazS/2w=="],

    "typescript": ["typescript@5.9.3", "", { "bin": { "tsc": "bin/tsc", "tsserver": "bin/tsserver" } }, "sha512-jl1vZzPDinLr9eUt3J/t7V6FgNEw9QjvBPdysz9KfQDD41fQrC2Y4vKQdiaUpFT4bXlb1RHhLpp8wtm6M5TgSw=="],

    "undici-types": ["undici-types@6.21.0", "", {}, "sha512-iwDZqg0QAGrg9Rav5H4n0M64c3mkR59cJ6wQp+7C4nI0gsmExaedaYLNO44eT4AtBBwjbTiGPMlt2Md0T9H9JQ=="],
  }
}
